// !$*UTF8*$!
{
	archiveVersion = 1;
	classes = {
	};
	objectVersion = 50;
	objects = {

/* Begin PBXBuildFile section */
		E156DA1323868E8B0066DF94 /* main.swift in Sources */ = {isa = PBXBuildFile; fileRef = E156DA1223868E8B0066DF94 /* main.swift */; };
		E1BFAAC2238E801C00D3722A /* Game.swift in Sources */ = {isa = PBXBuildFile; fileRef = E1BFAAC1238E801C00D3722A /* Game.swift */; };
		E1BFAAC7238E9A7600D3722A /* SudokuSolutionBoard.swift in Sources */ = {isa = PBXBuildFile; fileRef = E1BFAAC6238E9A7600D3722A /* SudokuSolutionBoard.swift */; };
		E1BFAAC9238EC42A00D3722A /* SudokuGameBoard.swift in Sources */ = {isa = PBXBuildFile; fileRef = E1BFAAC8238EC42A00D3722A /* SudokuGameBoard.swift */; };
/* End PBXBuildFile section */

/* Begin PBXCopyFilesBuildPhase section */
		E156DA0D23868E8B0066DF94 /* CopyFiles */ = {
			isa = PBXCopyFilesBuildPhase;
			buildActionMask = 2147483647;
			dstPath = /usr/share/man/man1/;
			dstSubfolderSpec = 0;
			files = (
			);
			runOnlyForDeploymentPostprocessing = 1;
		};
/* End PBXCopyFilesBuildPhase section */

/* Begin PBXFileReference section */
		E156DA0F23868E8B0066DF94 /* SudokuGame */ = {isa = PBXFileReference; explicitFileType = "compiled.mach-o.executable"; includeInIndex = 0; path = SudokuGame; sourceTree = BUILT_PRODUCTS_DIR; };
		E156DA1223868E8B0066DF94 /* main.swift */ = {isa = PBXFileReference; lastKnownFileType = sourcecode.swift; path = main.swift; sourceTree = "<group>"; };
		E1BFAAC1238E801C00D3722A /* Game.swift */ = {isa = PBXFileReference; lastKnownFileType = sourcecode.swift; path = Game.swift; sourceTree = "<group>"; };
		E1BFAAC6238E9A7600D3722A /* SudokuSolutionBoard.swift */ = {isa = PBXFileReference; lastKnownFileType = sourcecode.swift; path = SudokuSolutionBoard.swift; sourceTree = "<group>"; };
		E1BFAAC8238EC42A00D3722A /* SudokuGameBoard.swift */ = {isa = PBXFileReference; lastKnownFileType = sourcecode.swift; path = SudokuGameBoard.swift; sourceTree = "<group>"; };
/* End PBXFileReference section */

/* Begin PBXFrameworksBuildPhase section */
		E156DA0C23868E8B0066DF94 /* Frameworks */ = {
			isa = PBXFrameworksBuildPhase;
			buildActionMask = 2147483647;
			files = (
			);
			runOnlyForDeploymentPostprocessing = 0;
		};
/* End PBXFrameworksBuildPhase section */

/* Begin PBXGroup section */
		E156DA0623868E8B0066DF94 = {
			isa = PBXGroup;
			children = (
				E156DA1123868E8B0066DF94 /* SudokuGame */,
				E156DA1023868E8B0066DF94 /* Products */,
			);
			sourceTree = "<group>";
		};
		E156DA1023868E8B0066DF94 /* Products */ = {
			isa = PBXGroup;
			children = (
				E156DA0F23868E8B0066DF94 /* SudokuGame */,
			);
			name = Products;
			sourceTree = "<group>";
		};
		E156DA1123868E8B0066DF94 /* SudokuGame */ = {
			isa = PBXGroup;
			children = (
				E1BFAAC3238E802700D3722A /* Sudoku */,
				E156DA1223868E8B0066DF94 /* main.swift */,
				E1BFAAC1238E801C00D3722A /* Game.swift */,
			);
			path = SudokuGame;
			sourceTree = "<group>";
		};
		E1BFAAC3238E802700D3722A /* Sudoku */ = {
			isa = PBXGroup;
			children = (
				E1BFAAC6238E9A7600D3722A /* SudokuSolutionBoard.swift */,
				E1BFAAC8238EC42A00D3722A /* SudokuGameBoard.swift */,
			);
			path = Sudoku;
			sourceTree = "<group>";
		};
/* End PBXGroup section */

/* Begin PBXNativeTarget section */
		E156DA0E23868E8B0066DF94 /* SudokuGame */ = {
			isa = PBXNativeTarget;
			buildConfigurationList = E156DA1623868E8B0066DF94 /* Build configuration list for PBXNativeTarget "SudokuGame" */;
			buildPhases = (
				E156DA0B23868E8B0066DF94 /* Sources */,
				E156DA0C23868E8B0066DF94 /* Frameworks */,
				E156DA0D23868E8B0066DF94 /* CopyFiles */,
			);
			buildRules = (
			);
			dependencies = (
			);
			name = SudokuGame;
			productName = SwiftTest;
			productReference = E156DA0F23868E8B0066DF94 /* SudokuGame */;
			productType = "com.apple.product-type.tool";
		};
/* End PBXNativeTarget section */

/* Begin PBXProject section */
		E156DA0723868E8B0066DF94 /* Project object */ = {
			isa = PBXProject;
			attributes = {
				LastSwiftUpdateCheck = 1120;
				LastUpgradeCheck = 1120;
				ORGANIZATIONNAME = GantnerProjects;
				TargetAttributes = {
					E156DA0E23868E8B0066DF94 = {
						CreatedOnToolsVersion = 11.2.1;
					};
				};
			};
			buildConfigurationList = E156DA0A23868E8B0066DF94 /* Build configuration list for PBXProject "SudokuGame" */;
			compatibilityVersion = "Xcode 9.3";
			developmentRegion = en;
			hasScannedForEncodings = 0;
			knownRegions = (
				en,
				Base,
			);
			mainGroup = E156DA0623868E8B0066DF94;
			productRefGroup = E156DA1023868E8B0066DF94 /* Products */;
			projectDirPath = "";
			projectRoot = "";
			targets = (
				E156DA0E23868E8B0066DF94 /* SudokuGame */,
			);
		};
/* End PBXProject section */

/* Begin PBXSourcesBuildPhase section */
		E156DA0B23868E8B0066DF94 /* Sources */ = {
			isa = PBXSourcesBuildPhase;
			buildActionMask = 2147483647;
			files = (
				E156DA1323868E8B0066DF94 /* main.swift in Sources */,
				E1BFAAC9238EC42A00D3722A /* SudokuGameBoard.swift in Sources */,
				E1BFAAC7238E9A7600D3722A /* SudokuSolutionBoard.swift in Sources */,
				E1BFAAC2238E801C00D3722A /* Game.swift in Sources */,
			);
			runOnlyForDeploymentPostprocessing = 0;
		};
/* End PBXSourcesBuildPhase section */

/* Begin XCBuildConfiguration section */
		E156DA1423868E8B0066DF94 /* Debug */ = {
			isa = XCBuildConfiguration;
			buildSettings = {
				ALWAYS_SEARCH_USER_PATHS = NO;
				CLANG_ANALYZER_NONNULL = YES;
				CLANG_ANALYZER_NUMBER_OBJECT_CONVERSION = YES_AGGRESSIVE;
				CLANG_CXX_LANGUAGE_STANDARD = "gnu++14";
				CLANG_CXX_LIBRARY = "libc++";
				CLANG_ENABLE_MODULES = YES;
				CLANG_ENABLE_OBJC_ARC = YES;
				CLANG_ENABLE_OBJC_WEAK = YES;
				CLANG_WARN_BLOCK_CAPTURE_AUTORELEASING = YES;
				CLANG_WARN_BOOL_CONVERSION = YES;
				CLANG_WARN_COMMA = YES;
				CLANG_WARN_CONSTANT_CONVERSION = YES;
				CLANG_WARN_DEPRECATED_OBJC_IMPLEMENTATIONS = YES;
				CLANG_WARN_DIRECT_OBJC_ISA_USAGE = YES_ERROR;
				CLANG_WARN_DOCUMENTATION_COMMENTS = YES;
				CLANG_WARN_EMPTY_BODY = YES;
				CLANG_WARN_ENUM_CONVERSION = YES;
				CLANG_WARN_INFINITE_RECURSION = YES;
				CLANG_WARN_INT_CONVERSION = YES;
				CLANG_WARN_NON_LITERAL_NULL_CONVERSION = YES;
				CLANG_WARN_OBJC_IMPLICIT_RETAIN_SELF = YES;
				CLANG_WARN_OBJC_LITERAL_CONVERSION = YES;
				CLANG_WARN_OBJC_ROOT_CLASS = YES_ERROR;
				CLANG_WARN_RANGE_LOOP_ANALYSIS = YES;
				CLANG_WARN_STRICT_PROTOTYPES = YES;
				CLANG_WARN_SUSPICIOUS_MOVE = YES;
				CLANG_WARN_UNGUARDED_AVAILABILITY = YES_AGGRESSIVE;
				CLANG_WARN_UNREACHABLE_CODE = YES;
				CLANG_WARN__DUPLICATE_METHOD_MATCH = YES;
				COPY_PHASE_STRIP = NO;
				DEBUG_INFORMATION_FORMAT = dwarf;
				ENABLE_STRICT_OBJC_MSGSEND = YES;
				ENABLE_TESTABILITY = YES;
				GCC_C_LANGUAGE_STANDARD = gnu11;
				GCC_DYNAMIC_NO_PIC = NO;
				GCC_NO_COMMON_BLOCKS = YES;
				GCC_OPTIMIZATION_LEVEL = 0;
				GCC_PREPROCESSOR_DEFINITIONS = (
					"DEBUG=1",
					"$(inherited)",
				);
				GCC_WARN_64_TO_32_BIT_CONVERSION = YES;
				GCC_WARN_ABOUT_RETURN_TYPE = YES_ERROR;
				GCC_WARN_UNDECLARED_SELECTOR = YES;
				GCC_WARN_UNINITIALIZED_AUTOS = YES_AGGRESSIVE;
				GCC_WARN_UNUSED_FUNCTION = YES;
				GCC_WARN_UNUSED_VARIABLE = YES;
				MACOSX_DEPLOYMENT_TARGET = 10.15;
				MTL_ENABLE_DEBUG_INFO = INCLUDE_SOURCE;
				MTL_FAST_MATH = YES;
				ONLY_ACTIVE_ARCH = YES;
				SDKROOT = macosx;
				SWIFT_ACTIVE_COMPILATION_CONDITIONS = DEBUG;
				SWIFT_OPTIMIZATION_LEVEL = "-Onone";
			};
			name = Debug;
		};
		E156DA1523868E8B0066DF94 /* Release */ = {
			isa = XCBuildConfiguration;
			buildSettings = {
				ALWAYS_SEARCH_USER_PATHS = NO;
				CLANG_ANALYZER_NONNULL = YES;
				CLANG_ANALYZER_NUMBER_OBJECT_CONVERSION = YES_AGGRESSIVE;
				CLANG_CXX_LANGUAGE_STANDARD = "gnu++14";
				CLANG_CXX_LIBRARY = "libc++";
				CLANG_ENABLE_MODULES = YES;
				CLANG_ENABLE_OBJC_ARC = YES;
				CLANG_ENABLE_OBJC_WEAK = YES;
				CLANG_WARN_BLOCK_CAPTURE_AUTORELEASING = YES;
				CLANG_WARN_BOOL_CONVERSION = YES;
				CLANG_WARN_COMMA = YES;
				CLANG_WARN_CONSTANT_CONVERSION = YES;
				CLANG_WARN_DEPRECATED_OBJC_IMPLEMENTATIONS = YES;
				CLANG_WARN_DIRECT_OBJC_ISA_USAGE = YES_ERROR;
				CLANG_WARN_DOCUMENTATION_COMMENTS = YES;
				CLANG_WARN_EMPTY_BODY = YES;
				CLANG_WARN_ENUM_CONVERSION = YES;
				CLANG_WARN_INFINITE_RECURSION = YES;
				CLANG_WARN_INT_CONVERSION = YES;
				CLANG_WARN_NON_LITERAL_NULL_CONVERSION = YES;
				CLANG_WARN_OBJC_IMPLICIT_RETAIN_SELF = YES;
				CLANG_WARN_OBJC_LITERAL_CONVERSION = YES;
				CLANG_WARN_OBJC_ROOT_CLASS = YES_ERROR;
				CLANG_WARN_RANGE_LOOP_ANALYSIS = YES;
				CLANG_WARN_STRICT_PROTOTYPES = YES;
				CLANG_WARN_SUSPICIOUS_MOVE = YES;
				CLANG_WARN_UNGUARDED_AVAILABILITY = YES_AGGRESSIVE;
				CLANG_WARN_UNREACHABLE_CODE = YES;
				CLANG_WARN__DUPLICATE_METHOD_MATCH = YES;
				COPY_PHASE_STRIP = NO;
				DEBUG_INFORMATION_FORMAT = "dwarf-with-dsym";
				ENABLE_NS_ASSERTIONS = NO;
				ENABLE_STRICT_OBJC_MSGSEND = YES;
				GCC_C_LANGUAGE_STANDARD = gnu11;
				GCC_NO_COMMON_BLOCKS = YES;
				GCC_WARN_64_TO_32_BIT_CONVERSION = YES;
				GCC_WARN_ABOUT_RETURN_TYPE = YES_ERROR;
				GCC_WARN_UNDECLARED_SELECTOR = YES;
				GCC_WARN_UNINITIALIZED_AUTOS = YES_AGGRESSIVE;
				GCC_WARN_UNUSED_FUNCTION = YES;
				GCC_WARN_UNUSED_VARIABLE = YES;
				MACOSX_DEPLOYMENT_TARGET = 10.15;
				MTL_ENABLE_DEBUG_INFO = NO;
				MTL_FAST_MATH = YES;
				SDKROOT = macosx;
				SWIFT_COMPILATION_MODE = wholemodule;
				SWIFT_OPTIMIZATION_LEVEL = "-O";
			};
			name = Release;
		};
		E156DA1723868E8B0066DF94 /* Debug */ = {
			isa = XCBuildConfiguration;
			buildSettings = {
				CODE_SIGN_STYLE = Automatic;
				PRODUCT_NAME = "$(TARGET_NAME)";
				SWIFT_VERSION = 5.0;
			};
			name = Debug;
		};
		E156DA1823868E8B0066DF94 /* Release */ = {
			isa = XCBuildConfiguration;
			buildSettings = {
				CODE_SIGN_STYLE = Automatic;
				PRODUCT_NAME = "$(TARGET_NAME)";
				SWIFT_VERSION = 5.0;
			};
			name = Release;
		};
/* End XCBuildConfiguration section */

/* Begin XCConfigurationList section */
		E156DA0A23868E8B0066DF94 /* Build configuration list for PBXProject "SudokuGame" */ = {
			isa = XCConfigurationList;
			buildConfigurations = (
				E156DA1423868E8B0066DF94 /* Debug */,
				E156DA1523868E8B0066DF94 /* Release */,
			);
			defaultConfigurationIsVisible = 0;
			defaultConfigurationName = Release;
		};
		E156DA1623868E8B0066DF94 /* Build configuration list for PBXNativeTarget "SudokuGame" */ = {
			isa = XCConfigurationList;
			buildConfigurations = (
				E156DA1723868E8B0066DF94 /* Debug */,
				E156DA1823868E8B0066DF94 /* Release */,
			);
			defaultConfigurationIsVisible = 0;
			defaultConfigurationName = Release;
		};
/* End XCConfigurationList section */
	};
	rootObject = E156DA0723868E8B0066DF94 /* Project object */;
}
